
Microsoft Visual Studio Solution File, Format Version 12.00
# Visual Studio 15
VisualStudioVersion = 15.0.28307.572
MinimumVisualStudioVersion = 10.0.40219.1
Project("{FAE04EC0-301F-11D3-BF4B-00C04F79EFBC}") = "trade", "trade\trade.csproj", "{5EE94643-815F-4C6D-9867-5A02D13CDCDB}"
EndProject
Global
	GlobalSection(SolutionConfigurationPlatforms) = preSolution
		Debug|Any CPU = Debug|Any CPU
		Release|Any CPU = Release|Any CPU
	EndGlobalSection
	GlobalSection(ProjectConfigurationPlatforms) = postSolution
		{5EE94643-815F-4C6D-9867-5A02D13CDCDB}.Debug|Any CPU.ActiveCfg = Debug|Any CPU
		{5EE94643-815F-4C6D-9867-5A02D13CDCDB}.Debug|Any CPU.Build.0 = Debug|Any CPU
		{5EE94643-815F-4C6D-9867-5A02D13CDCDB}.Release|Any CPU.ActiveCfg = Release|Any CPU
		{5EE94643-815F-4C6D-9867-5A02D13CDCDB}.Release|Any CPU.Build.0 = Release|Any CPU
	EndGlobalSection
	GlobalSection(SolutionProperties) = preSolution
		HideSolutionNode = FALSE
	EndGlobalSection
	GlobalSection(ExtensibilityGlobals) = postSolution
		SolutionGuid = {C2165720-AE8A-4DFA-A79C-404C5561BBB2}
	EndGlobalSection
EndGlobal
